# @generated by Move, please check-in and do not edit manually.

[move]
version = 3
manifest_digest = "466136DD74EC90E4F485989B1362865E94E686D26016581469AF5E490856C38F"
deps_digest = "3C4103934B1E040BB6B23F1D610B4EF9F2F1166A50A104EADCF77467C004C600"
dependencies = [
  { id = "Sui", name = "Sui" },
  { id = "asset_tokenization", name = "asset_tokenization" },
]

[[move.package]]
id = "MoveStdlib"
source = { git = "https://github.com/MystenLabs/sui.git", rev = "framework/testnet", subdir = "crates/sui-framework/packages/move-stdlib" }

[[move.package]]
id = "Sui"
source = { git = "https://github.com/MystenLabs/sui.git", rev = "framework/testnet", subdir = "crates/sui-framework/packages/sui-framework" }

dependencies = [
  { id = "MoveStdlib", name = "MoveStdlib" },
]

[[move.package]]
id = "asset_tokenization"
source = { git = "https://github.com/MystenLabs/asset-tokenization.git", rev = "framework/testnet", subdir = "move/asset_tokenization" }

dependencies = [
  { id = "Sui", name = "Sui" },
]

[move.toolchain-version]
compiler-version = "1.48.0"
edition = "2024.beta"
flavor = "sui"

[env]

[env.testnet]
chain-id = "4c78adac"
original-published-id = "0x0868c525a5d8a11cc8b3187a55497b9f2d8af3fe407b2ffd7179a085722b61c6"
latest-published-id = "0x0868c525a5d8a11cc8b3187a55497b9f2d8af3fe407b2ffd7179a085722b61c6"
published-version = "1"
